
Microsoft Visual Studio Solution File, Format Version 12.00
# Visual Studio 14
VisualStudioVersion = 14.0.25420.1
MinimumVisualStudioVersion = 10.0.40219.1
Project("{8BC9CEB8-8B4A-11D0-8D11-00A0C91BC942}") = "gpr", "vcxproj\gpr\gpr.vcxproj", "{B23D3D1A-9438-4EDA-BEB6-9A0A03D17792}"
	ProjectSection(myProperties) = preProject
		        	lib = "True"
	EndProjectSection
EndProject
Project("{8BC9CEB8-8B4A-11D0-8D11-00A0C91BC942}") = "grpc", "vcxproj\grpc\grpc.vcxproj", "{29D16885-7228-4C31-81ED-5F9187C7F2A9}"
	ProjectSection(ProjectDependencies) = postProject
		{B23D3D1A-9438-4EDA-BEB6-9A0A03D17792} = {B23D3D1A-9438-4EDA-BEB6-9A0A03D17792}
	EndProjectSection
	ProjectSection(myProperties) = preProject
		        	lib = "True"
	EndProjectSection
EndProject
Project("{8BC9CEB8-8B4A-11D0-8D11-00A0C91BC942}") = "grpc_csharp_ext", "vcxproj\grpc_csharp_ext\grpc_csharp_ext.vcxproj", "{D64C6D63-4458-4A88-AB38-35678384A7E4}"
	ProjectSection(ProjectDependencies) = postProject
		{B23D3D1A-9438-4EDA-BEB6-9A0A03D17792} = {B23D3D1A-9438-4EDA-BEB6-9A0A03D17792}
		{29D16885-7228-4C31-81ED-5F9187C7F2A9} = {29D16885-7228-4C31-81ED-5F9187C7F2A9}
	EndProjectSection
	ProjectSection(myProperties) = preProject
		        	lib = "True"
	EndProjectSection
EndProject
Project("{FAE04EC0-301F-11D3-BF4B-00C04F79EFBC}") = "Grpc.Core", "..\src\csharp\Grpc.Core\Grpc.Core.csproj", "{CCC4440E-49F7-4790-B0AF-FEABB0837AE7}"
	ProjectSection(ProjectDependencies) = postProject
		{D64C6D63-4458-4A88-AB38-35678384A7E4} = {D64C6D63-4458-4A88-AB38-35678384A7E4}
	EndProjectSection
EndProject
Project("{FAE04EC0-301F-11D3-BF4B-00C04F79EFBC}") = "AndroidDemo", "..\src\csharp\App2\AndroidDemo.csproj", "{EAE239A7-4480-4BE1-9EA8-2BBC4C168B9A}"
	ProjectSection(ProjectDependencies) = postProject
		{CCC4440E-49F7-4790-B0AF-FEABB0837AE7} = {CCC4440E-49F7-4790-B0AF-FEABB0837AE7}
		{D64C6D63-4458-4A88-AB38-35678384A7E4} = {D64C6D63-4458-4A88-AB38-35678384A7E4}
	EndProjectSection
EndProject
Project("{FAE04EC0-301F-11D3-BF4B-00C04F79EFBC}") = "Server", "..\src\csharp\Server\Server.csproj", "{EDA76920-AB26-4330-9CBD-910E21E5F7C7}"
EndProject
Global
	GlobalSection(SolutionConfigurationPlatforms) = preSolution
		Ad-Hoc|Any CPU = Ad-Hoc|Any CPU
		Ad-Hoc|ARM = Ad-Hoc|ARM
		Ad-Hoc|ARM64 = Ad-Hoc|ARM64
		Ad-Hoc|iPhone = Ad-Hoc|iPhone
		Ad-Hoc|iPhoneSimulator = Ad-Hoc|iPhoneSimulator
		Ad-Hoc|x64 = Ad-Hoc|x64
		Ad-Hoc|x86 = Ad-Hoc|x86
		AppStore|Any CPU = AppStore|Any CPU
		AppStore|ARM = AppStore|ARM
		AppStore|ARM64 = AppStore|ARM64
		AppStore|iPhone = AppStore|iPhone
		AppStore|iPhoneSimulator = AppStore|iPhoneSimulator
		AppStore|x64 = AppStore|x64
		AppStore|x86 = AppStore|x86
		Debug|Any CPU = Debug|Any CPU
		Debug|ARM = Debug|ARM
		Debug|ARM64 = Debug|ARM64
		Debug|iPhone = Debug|iPhone
		Debug|iPhoneSimulator = Debug|iPhoneSimulator
		Debug|x64 = Debug|x64
		Debug|x86 = Debug|x86
		Release|Any CPU = Release|Any CPU
		Release|ARM = Release|ARM
		Release|ARM64 = Release|ARM64
		Release|iPhone = Release|iPhone
		Release|iPhoneSimulator = Release|iPhoneSimulator
		Release|x64 = Release|x64
		Release|x86 = Release|x86
		ReleaseSigned|Any CPU = ReleaseSigned|Any CPU
		ReleaseSigned|ARM = ReleaseSigned|ARM
		ReleaseSigned|ARM64 = ReleaseSigned|ARM64
		ReleaseSigned|iPhone = ReleaseSigned|iPhone
		ReleaseSigned|iPhoneSimulator = ReleaseSigned|iPhoneSimulator
		ReleaseSigned|x64 = ReleaseSigned|x64
		ReleaseSigned|x86 = ReleaseSigned|x86
	EndGlobalSection
	GlobalSection(ProjectConfigurationPlatforms) = postSolution
		{B23D3D1A-9438-4EDA-BEB6-9A0A03D17792}.Ad-Hoc|Any CPU.ActiveCfg = Release|x86
		{B23D3D1A-9438-4EDA-BEB6-9A0A03D17792}.Ad-Hoc|Any CPU.Build.0 = Release|x86
		{B23D3D1A-9438-4EDA-BEB6-9A0A03D17792}.Ad-Hoc|ARM.ActiveCfg = Release|ARM
		{B23D3D1A-9438-4EDA-BEB6-9A0A03D17792}.Ad-Hoc|ARM.Build.0 = Release|ARM
		{B23D3D1A-9438-4EDA-BEB6-9A0A03D17792}.Ad-Hoc|ARM64.ActiveCfg = Debug|ARM
		{B23D3D1A-9438-4EDA-BEB6-9A0A03D17792}.Ad-Hoc|ARM64.Build.0 = Debug|ARM
		{B23D3D1A-9438-4EDA-BEB6-9A0A03D17792}.Ad-Hoc|iPhone.ActiveCfg = Release|x86
		{B23D3D1A-9438-4EDA-BEB6-9A0A03D17792}.Ad-Hoc|iPhone.Build.0 = Release|x86
		{B23D3D1A-9438-4EDA-BEB6-9A0A03D17792}.Ad-Hoc|iPhoneSimulator.ActiveCfg = Release|x86
		{B23D3D1A-9438-4EDA-BEB6-9A0A03D17792}.Ad-Hoc|iPhoneSimulator.Build.0 = Release|x86
		{B23D3D1A-9438-4EDA-BEB6-9A0A03D17792}.Ad-Hoc|x64.ActiveCfg = Debug|ARM
		{B23D3D1A-9438-4EDA-BEB6-9A0A03D17792}.Ad-Hoc|x64.Build.0 = Debug|ARM
		{B23D3D1A-9438-4EDA-BEB6-9A0A03D17792}.Ad-Hoc|x86.ActiveCfg = Release|x86
		{B23D3D1A-9438-4EDA-BEB6-9A0A03D17792}.Ad-Hoc|x86.Build.0 = Release|x86
		{B23D3D1A-9438-4EDA-BEB6-9A0A03D17792}.AppStore|Any CPU.ActiveCfg = Release|x86
		{B23D3D1A-9438-4EDA-BEB6-9A0A03D17792}.AppStore|Any CPU.Build.0 = Release|x86
		{B23D3D1A-9438-4EDA-BEB6-9A0A03D17792}.AppStore|ARM.ActiveCfg = Release|ARM
		{B23D3D1A-9438-4EDA-BEB6-9A0A03D17792}.AppStore|ARM.Build.0 = Release|ARM
		{B23D3D1A-9438-4EDA-BEB6-9A0A03D17792}.AppStore|ARM64.ActiveCfg = Debug|ARM
		{B23D3D1A-9438-4EDA-BEB6-9A0A03D17792}.AppStore|ARM64.Build.0 = Debug|ARM
		{B23D3D1A-9438-4EDA-BEB6-9A0A03D17792}.AppStore|iPhone.ActiveCfg = Release|x86
		{B23D3D1A-9438-4EDA-BEB6-9A0A03D17792}.AppStore|iPhone.Build.0 = Release|x86
		{B23D3D1A-9438-4EDA-BEB6-9A0A03D17792}.AppStore|iPhoneSimulator.ActiveCfg = Release|x86
		{B23D3D1A-9438-4EDA-BEB6-9A0A03D17792}.AppStore|iPhoneSimulator.Build.0 = Release|x86
		{B23D3D1A-9438-4EDA-BEB6-9A0A03D17792}.AppStore|x64.ActiveCfg = Debug|ARM
		{B23D3D1A-9438-4EDA-BEB6-9A0A03D17792}.AppStore|x64.Build.0 = Debug|ARM
		{B23D3D1A-9438-4EDA-BEB6-9A0A03D17792}.AppStore|x86.ActiveCfg = Release|x86
		{B23D3D1A-9438-4EDA-BEB6-9A0A03D17792}.AppStore|x86.Build.0 = Release|x86
		{B23D3D1A-9438-4EDA-BEB6-9A0A03D17792}.Debug|Any CPU.ActiveCfg = Debug|x86
		{B23D3D1A-9438-4EDA-BEB6-9A0A03D17792}.Debug|Any CPU.Build.0 = Debug|x86
		{B23D3D1A-9438-4EDA-BEB6-9A0A03D17792}.Debug|ARM.ActiveCfg = Debug|x86
		{B23D3D1A-9438-4EDA-BEB6-9A0A03D17792}.Debug|ARM.Build.0 = Debug|x86
		{B23D3D1A-9438-4EDA-BEB6-9A0A03D17792}.Debug|ARM64.ActiveCfg = Debug|x86
		{B23D3D1A-9438-4EDA-BEB6-9A0A03D17792}.Debug|iPhone.ActiveCfg = Debug|x86
		{B23D3D1A-9438-4EDA-BEB6-9A0A03D17792}.Debug|iPhoneSimulator.ActiveCfg = Debug|x86
		{B23D3D1A-9438-4EDA-BEB6-9A0A03D17792}.Debug|x64.ActiveCfg = Debug|x86
		{B23D3D1A-9438-4EDA-BEB6-9A0A03D17792}.Debug|x86.ActiveCfg = Debug|x86
		{B23D3D1A-9438-4EDA-BEB6-9A0A03D17792}.Debug|x86.Build.0 = Debug|x86
		{B23D3D1A-9438-4EDA-BEB6-9A0A03D17792}.Release|Any CPU.ActiveCfg = Release|x86
		{B23D3D1A-9438-4EDA-BEB6-9A0A03D17792}.Release|ARM.ActiveCfg = Release|x86
		{B23D3D1A-9438-4EDA-BEB6-9A0A03D17792}.Release|ARM.Build.0 = Release|x86
		{B23D3D1A-9438-4EDA-BEB6-9A0A03D17792}.Release|ARM64.ActiveCfg = Release|x86
		{B23D3D1A-9438-4EDA-BEB6-9A0A03D17792}.Release|iPhone.ActiveCfg = Release|x86
		{B23D3D1A-9438-4EDA-BEB6-9A0A03D17792}.Release|iPhoneSimulator.ActiveCfg = Release|x86
		{B23D3D1A-9438-4EDA-BEB6-9A0A03D17792}.Release|x64.ActiveCfg = Release|x86
		{B23D3D1A-9438-4EDA-BEB6-9A0A03D17792}.Release|x86.ActiveCfg = Release|x86
		{B23D3D1A-9438-4EDA-BEB6-9A0A03D17792}.Release|x86.Build.0 = Release|x86
		{B23D3D1A-9438-4EDA-BEB6-9A0A03D17792}.ReleaseSigned|Any CPU.ActiveCfg = Release|x86
		{B23D3D1A-9438-4EDA-BEB6-9A0A03D17792}.ReleaseSigned|Any CPU.Build.0 = Release|x86
		{B23D3D1A-9438-4EDA-BEB6-9A0A03D17792}.ReleaseSigned|ARM.ActiveCfg = Release|ARM
		{B23D3D1A-9438-4EDA-BEB6-9A0A03D17792}.ReleaseSigned|ARM.Build.0 = Release|ARM
		{B23D3D1A-9438-4EDA-BEB6-9A0A03D17792}.ReleaseSigned|ARM64.ActiveCfg = Debug|ARM
		{B23D3D1A-9438-4EDA-BEB6-9A0A03D17792}.ReleaseSigned|ARM64.Build.0 = Debug|ARM
		{B23D3D1A-9438-4EDA-BEB6-9A0A03D17792}.ReleaseSigned|iPhone.ActiveCfg = Release|x86
		{B23D3D1A-9438-4EDA-BEB6-9A0A03D17792}.ReleaseSigned|iPhone.Build.0 = Release|x86
		{B23D3D1A-9438-4EDA-BEB6-9A0A03D17792}.ReleaseSigned|iPhoneSimulator.ActiveCfg = Release|x86
		{B23D3D1A-9438-4EDA-BEB6-9A0A03D17792}.ReleaseSigned|iPhoneSimulator.Build.0 = Release|x86
		{B23D3D1A-9438-4EDA-BEB6-9A0A03D17792}.ReleaseSigned|x64.ActiveCfg = Debug|ARM
		{B23D3D1A-9438-4EDA-BEB6-9A0A03D17792}.ReleaseSigned|x64.Build.0 = Debug|ARM
		{B23D3D1A-9438-4EDA-BEB6-9A0A03D17792}.ReleaseSigned|x86.ActiveCfg = Release|x86
		{B23D3D1A-9438-4EDA-BEB6-9A0A03D17792}.ReleaseSigned|x86.Build.0 = Release|x86
		{29D16885-7228-4C31-81ED-5F9187C7F2A9}.Ad-Hoc|Any CPU.ActiveCfg = Release|x86
		{29D16885-7228-4C31-81ED-5F9187C7F2A9}.Ad-Hoc|Any CPU.Build.0 = Release|x86
		{29D16885-7228-4C31-81ED-5F9187C7F2A9}.Ad-Hoc|ARM.ActiveCfg = Release|ARM
		{29D16885-7228-4C31-81ED-5F9187C7F2A9}.Ad-Hoc|ARM.Build.0 = Release|ARM
		{29D16885-7228-4C31-81ED-5F9187C7F2A9}.Ad-Hoc|ARM64.ActiveCfg = Debug|ARM
		{29D16885-7228-4C31-81ED-5F9187C7F2A9}.Ad-Hoc|ARM64.Build.0 = Debug|ARM
		{29D16885-7228-4C31-81ED-5F9187C7F2A9}.Ad-Hoc|iPhone.ActiveCfg = Release|x86
		{29D16885-7228-4C31-81ED-5F9187C7F2A9}.Ad-Hoc|iPhone.Build.0 = Release|x86
		{29D16885-7228-4C31-81ED-5F9187C7F2A9}.Ad-Hoc|iPhoneSimulator.ActiveCfg = Release|x86
		{29D16885-7228-4C31-81ED-5F9187C7F2A9}.Ad-Hoc|iPhoneSimulator.Build.0 = Release|x86
		{29D16885-7228-4C31-81ED-5F9187C7F2A9}.Ad-Hoc|x64.ActiveCfg = Debug|ARM
		{29D16885-7228-4C31-81ED-5F9187C7F2A9}.Ad-Hoc|x64.Build.0 = Debug|ARM
		{29D16885-7228-4C31-81ED-5F9187C7F2A9}.Ad-Hoc|x86.ActiveCfg = Release|x86
		{29D16885-7228-4C31-81ED-5F9187C7F2A9}.Ad-Hoc|x86.Build.0 = Release|x86
		{29D16885-7228-4C31-81ED-5F9187C7F2A9}.AppStore|Any CPU.ActiveCfg = Release|x86
		{29D16885-7228-4C31-81ED-5F9187C7F2A9}.AppStore|Any CPU.Build.0 = Release|x86
		{29D16885-7228-4C31-81ED-5F9187C7F2A9}.AppStore|ARM.ActiveCfg = Release|ARM
		{29D16885-7228-4C31-81ED-5F9187C7F2A9}.AppStore|ARM.Build.0 = Release|ARM
		{29D16885-7228-4C31-81ED-5F9187C7F2A9}.AppStore|ARM64.ActiveCfg = Debug|ARM
		{29D16885-7228-4C31-81ED-5F9187C7F2A9}.AppStore|ARM64.Build.0 = Debug|ARM
		{29D16885-7228-4C31-81ED-5F9187C7F2A9}.AppStore|iPhone.ActiveCfg = Release|x86
		{29D16885-7228-4C31-81ED-5F9187C7F2A9}.AppStore|iPhone.Build.0 = Release|x86
		{29D16885-7228-4C31-81ED-5F9187C7F2A9}.AppStore|iPhoneSimulator.ActiveCfg = Release|x86
		{29D16885-7228-4C31-81ED-5F9187C7F2A9}.AppStore|iPhoneSimulator.Build.0 = Release|x86
		{29D16885-7228-4C31-81ED-5F9187C7F2A9}.AppStore|x64.ActiveCfg = Debug|ARM
		{29D16885-7228-4C31-81ED-5F9187C7F2A9}.AppStore|x64.Build.0 = Debug|ARM
		{29D16885-7228-4C31-81ED-5F9187C7F2A9}.AppStore|x86.ActiveCfg = Release|x86
		{29D16885-7228-4C31-81ED-5F9187C7F2A9}.AppStore|x86.Build.0 = Release|x86
		{29D16885-7228-4C31-81ED-5F9187C7F2A9}.Debug|Any CPU.ActiveCfg = Debug|x86
		{29D16885-7228-4C31-81ED-5F9187C7F2A9}.Debug|Any CPU.Build.0 = Debug|x86
		{29D16885-7228-4C31-81ED-5F9187C7F2A9}.Debug|ARM.ActiveCfg = Debug|x86
		{29D16885-7228-4C31-81ED-5F9187C7F2A9}.Debug|ARM.Build.0 = Debug|x86
		{29D16885-7228-4C31-81ED-5F9187C7F2A9}.Debug|ARM64.ActiveCfg = Debug|x86
		{29D16885-7228-4C31-81ED-5F9187C7F2A9}.Debug|iPhone.ActiveCfg = Debug|x86
		{29D16885-7228-4C31-81ED-5F9187C7F2A9}.Debug|iPhoneSimulator.ActiveCfg = Debug|x86
		{29D16885-7228-4C31-81ED-5F9187C7F2A9}.Debug|x64.ActiveCfg = Debug|x86
		{29D16885-7228-4C31-81ED-5F9187C7F2A9}.Debug|x86.ActiveCfg = Debug|x86
		{29D16885-7228-4C31-81ED-5F9187C7F2A9}.Debug|x86.Build.0 = Debug|x86
		{29D16885-7228-4C31-81ED-5F9187C7F2A9}.Release|Any CPU.ActiveCfg = Release|x86
		{29D16885-7228-4C31-81ED-5F9187C7F2A9}.Release|ARM.ActiveCfg = Release|x86
		{29D16885-7228-4C31-81ED-5F9187C7F2A9}.Release|ARM.Build.0 = Release|x86
		{29D16885-7228-4C31-81ED-5F9187C7F2A9}.Release|ARM64.ActiveCfg = Release|x86
		{29D16885-7228-4C31-81ED-5F9187C7F2A9}.Release|iPhone.ActiveCfg = Release|x86
		{29D16885-7228-4C31-81ED-5F9187C7F2A9}.Release|iPhoneSimulator.ActiveCfg = Release|x86
		{29D16885-7228-4C31-81ED-5F9187C7F2A9}.Release|x64.ActiveCfg = Release|x86
		{29D16885-7228-4C31-81ED-5F9187C7F2A9}.Release|x86.ActiveCfg = Release|x86
		{29D16885-7228-4C31-81ED-5F9187C7F2A9}.Release|x86.Build.0 = Release|x86
		{29D16885-7228-4C31-81ED-5F9187C7F2A9}.ReleaseSigned|Any CPU.ActiveCfg = Release|x86
		{29D16885-7228-4C31-81ED-5F9187C7F2A9}.ReleaseSigned|Any CPU.Build.0 = Release|x86
		{29D16885-7228-4C31-81ED-5F9187C7F2A9}.ReleaseSigned|ARM.ActiveCfg = Release|ARM
		{29D16885-7228-4C31-81ED-5F9187C7F2A9}.ReleaseSigned|ARM.Build.0 = Release|ARM
		{29D16885-7228-4C31-81ED-5F9187C7F2A9}.ReleaseSigned|ARM64.ActiveCfg = Debug|ARM
		{29D16885-7228-4C31-81ED-5F9187C7F2A9}.ReleaseSigned|ARM64.Build.0 = Debug|ARM
		{29D16885-7228-4C31-81ED-5F9187C7F2A9}.ReleaseSigned|iPhone.ActiveCfg = Release|x86
		{29D16885-7228-4C31-81ED-5F9187C7F2A9}.ReleaseSigned|iPhone.Build.0 = Release|x86
		{29D16885-7228-4C31-81ED-5F9187C7F2A9}.ReleaseSigned|iPhoneSimulator.ActiveCfg = Release|x86
		{29D16885-7228-4C31-81ED-5F9187C7F2A9}.ReleaseSigned|iPhoneSimulator.Build.0 = Release|x86
		{29D16885-7228-4C31-81ED-5F9187C7F2A9}.ReleaseSigned|x64.ActiveCfg = Debug|ARM
		{29D16885-7228-4C31-81ED-5F9187C7F2A9}.ReleaseSigned|x64.Build.0 = Debug|ARM
		{29D16885-7228-4C31-81ED-5F9187C7F2A9}.ReleaseSigned|x86.ActiveCfg = Release|x86
		{29D16885-7228-4C31-81ED-5F9187C7F2A9}.ReleaseSigned|x86.Build.0 = Release|x86
		{D64C6D63-4458-4A88-AB38-35678384A7E4}.Ad-Hoc|Any CPU.ActiveCfg = Release|x86
		{D64C6D63-4458-4A88-AB38-35678384A7E4}.Ad-Hoc|Any CPU.Build.0 = Release|x86
		{D64C6D63-4458-4A88-AB38-35678384A7E4}.Ad-Hoc|ARM.ActiveCfg = Release|ARM
		{D64C6D63-4458-4A88-AB38-35678384A7E4}.Ad-Hoc|ARM.Build.0 = Release|ARM
		{D64C6D63-4458-4A88-AB38-35678384A7E4}.Ad-Hoc|ARM64.ActiveCfg = Debug|ARM
		{D64C6D63-4458-4A88-AB38-35678384A7E4}.Ad-Hoc|ARM64.Build.0 = Debug|ARM
		{D64C6D63-4458-4A88-AB38-35678384A7E4}.Ad-Hoc|iPhone.ActiveCfg = Release|x86
		{D64C6D63-4458-4A88-AB38-35678384A7E4}.Ad-Hoc|iPhone.Build.0 = Release|x86
		{D64C6D63-4458-4A88-AB38-35678384A7E4}.Ad-Hoc|iPhoneSimulator.ActiveCfg = Release|x86
		{D64C6D63-4458-4A88-AB38-35678384A7E4}.Ad-Hoc|iPhoneSimulator.Build.0 = Release|x86
		{D64C6D63-4458-4A88-AB38-35678384A7E4}.Ad-Hoc|x64.ActiveCfg = Debug|ARM
		{D64C6D63-4458-4A88-AB38-35678384A7E4}.Ad-Hoc|x64.Build.0 = Debug|ARM
		{D64C6D63-4458-4A88-AB38-35678384A7E4}.Ad-Hoc|x86.ActiveCfg = Release|x86
		{D64C6D63-4458-4A88-AB38-35678384A7E4}.Ad-Hoc|x86.Build.0 = Release|x86
		{D64C6D63-4458-4A88-AB38-35678384A7E4}.AppStore|Any CPU.ActiveCfg = Release|x86
		{D64C6D63-4458-4A88-AB38-35678384A7E4}.AppStore|Any CPU.Build.0 = Release|x86
		{D64C6D63-4458-4A88-AB38-35678384A7E4}.AppStore|ARM.ActiveCfg = Release|ARM
		{D64C6D63-4458-4A88-AB38-35678384A7E4}.AppStore|ARM.Build.0 = Release|ARM
		{D64C6D63-4458-4A88-AB38-35678384A7E4}.AppStore|ARM64.ActiveCfg = Debug|ARM
		{D64C6D63-4458-4A88-AB38-35678384A7E4}.AppStore|ARM64.Build.0 = Debug|ARM
		{D64C6D63-4458-4A88-AB38-35678384A7E4}.AppStore|iPhone.ActiveCfg = Release|x86
		{D64C6D63-4458-4A88-AB38-35678384A7E4}.AppStore|iPhone.Build.0 = Release|x86
		{D64C6D63-4458-4A88-AB38-35678384A7E4}.AppStore|iPhoneSimulator.ActiveCfg = Release|x86
		{D64C6D63-4458-4A88-AB38-35678384A7E4}.AppStore|iPhoneSimulator.Build.0 = Release|x86
		{D64C6D63-4458-4A88-AB38-35678384A7E4}.AppStore|x64.ActiveCfg = Debug|ARM
		{D64C6D63-4458-4A88-AB38-35678384A7E4}.AppStore|x64.Build.0 = Debug|ARM
		{D64C6D63-4458-4A88-AB38-35678384A7E4}.AppStore|x86.ActiveCfg = Release|x86
		{D64C6D63-4458-4A88-AB38-35678384A7E4}.AppStore|x86.Build.0 = Release|x86
		{D64C6D63-4458-4A88-AB38-35678384A7E4}.Debug|Any CPU.ActiveCfg = Debug|x86
		{D64C6D63-4458-4A88-AB38-35678384A7E4}.Debug|Any CPU.Build.0 = Debug|x86
		{D64C6D63-4458-4A88-AB38-35678384A7E4}.Debug|Any CPU.Deploy.0 = Debug|x86
		{D64C6D63-4458-4A88-AB38-35678384A7E4}.Debug|ARM.ActiveCfg = Debug|x86
		{D64C6D63-4458-4A88-AB38-35678384A7E4}.Debug|ARM.Build.0 = Debug|x86
		{D64C6D63-4458-4A88-AB38-35678384A7E4}.Debug|ARM64.ActiveCfg = Debug|x86
		{D64C6D63-4458-4A88-AB38-35678384A7E4}.Debug|iPhone.ActiveCfg = Debug|x86
		{D64C6D63-4458-4A88-AB38-35678384A7E4}.Debug|iPhoneSimulator.ActiveCfg = Debug|x86
		{D64C6D63-4458-4A88-AB38-35678384A7E4}.Debug|x64.ActiveCfg = Debug|x86
		{D64C6D63-4458-4A88-AB38-35678384A7E4}.Debug|x86.ActiveCfg = Debug|x86
		{D64C6D63-4458-4A88-AB38-35678384A7E4}.Debug|x86.Build.0 = Debug|x86
		{D64C6D63-4458-4A88-AB38-35678384A7E4}.Release|Any CPU.ActiveCfg = Release|x86
		{D64C6D63-4458-4A88-AB38-35678384A7E4}.Release|ARM.ActiveCfg = Release|x86
		{D64C6D63-4458-4A88-AB38-35678384A7E4}.Release|ARM.Build.0 = Release|x86
		{D64C6D63-4458-4A88-AB38-35678384A7E4}.Release|ARM64.ActiveCfg = Release|x86
		{D64C6D63-4458-4A88-AB38-35678384A7E4}.Release|iPhone.ActiveCfg = Release|x86
		{D64C6D63-4458-4A88-AB38-35678384A7E4}.Release|iPhoneSimulator.ActiveCfg = Release|x86
		{D64C6D63-4458-4A88-AB38-35678384A7E4}.Release|x64.ActiveCfg = Release|x86
		{D64C6D63-4458-4A88-AB38-35678384A7E4}.Release|x86.ActiveCfg = Release|x86
		{D64C6D63-4458-4A88-AB38-35678384A7E4}.Release|x86.Build.0 = Release|x86
		{D64C6D63-4458-4A88-AB38-35678384A7E4}.ReleaseSigned|Any CPU.ActiveCfg = Release|x86
		{D64C6D63-4458-4A88-AB38-35678384A7E4}.ReleaseSigned|Any CPU.Build.0 = Release|x86
		{D64C6D63-4458-4A88-AB38-35678384A7E4}.ReleaseSigned|ARM.ActiveCfg = Release|ARM
		{D64C6D63-4458-4A88-AB38-35678384A7E4}.ReleaseSigned|ARM.Build.0 = Release|ARM
		{D64C6D63-4458-4A88-AB38-35678384A7E4}.ReleaseSigned|ARM64.ActiveCfg = Debug|ARM
		{D64C6D63-4458-4A88-AB38-35678384A7E4}.ReleaseSigned|ARM64.Build.0 = Debug|ARM
		{D64C6D63-4458-4A88-AB38-35678384A7E4}.ReleaseSigned|iPhone.ActiveCfg = Release|x86
		{D64C6D63-4458-4A88-AB38-35678384A7E4}.ReleaseSigned|iPhone.Build.0 = Release|x86
		{D64C6D63-4458-4A88-AB38-35678384A7E4}.ReleaseSigned|iPhoneSimulator.ActiveCfg = Release|x86
		{D64C6D63-4458-4A88-AB38-35678384A7E4}.ReleaseSigned|iPhoneSimulator.Build.0 = Release|x86
		{D64C6D63-4458-4A88-AB38-35678384A7E4}.ReleaseSigned|x64.ActiveCfg = Debug|ARM
		{D64C6D63-4458-4A88-AB38-35678384A7E4}.ReleaseSigned|x64.Build.0 = Debug|ARM
		{D64C6D63-4458-4A88-AB38-35678384A7E4}.ReleaseSigned|x86.ActiveCfg = Release|x86
		{D64C6D63-4458-4A88-AB38-35678384A7E4}.ReleaseSigned|x86.Build.0 = Release|x86
		{CCC4440E-49F7-4790-B0AF-FEABB0837AE7}.Ad-Hoc|Any CPU.ActiveCfg = ReleaseSigned|Any CPU
		{CCC4440E-49F7-4790-B0AF-FEABB0837AE7}.Ad-Hoc|Any CPU.Build.0 = ReleaseSigned|Any CPU
		{CCC4440E-49F7-4790-B0AF-FEABB0837AE7}.Ad-Hoc|ARM.ActiveCfg = Release|Any CPU
		{CCC4440E-49F7-4790-B0AF-FEABB0837AE7}.Ad-Hoc|ARM.Build.0 = Release|Any CPU
		{CCC4440E-49F7-4790-B0AF-FEABB0837AE7}.Ad-Hoc|ARM64.ActiveCfg = Debug|Any CPU
		{CCC4440E-49F7-4790-B0AF-FEABB0837AE7}.Ad-Hoc|ARM64.Build.0 = Debug|Any CPU
		{CCC4440E-49F7-4790-B0AF-FEABB0837AE7}.Ad-Hoc|iPhone.ActiveCfg = ReleaseSigned|Any CPU
		{CCC4440E-49F7-4790-B0AF-FEABB0837AE7}.Ad-Hoc|iPhone.Build.0 = ReleaseSigned|Any CPU
		{CCC4440E-49F7-4790-B0AF-FEABB0837AE7}.Ad-Hoc|iPhoneSimulator.ActiveCfg = ReleaseSigned|Any CPU
		{CCC4440E-49F7-4790-B0AF-FEABB0837AE7}.Ad-Hoc|iPhoneSimulator.Build.0 = ReleaseSigned|Any CPU
		{CCC4440E-49F7-4790-B0AF-FEABB0837AE7}.Ad-Hoc|x64.ActiveCfg = Debug|Any CPU
		{CCC4440E-49F7-4790-B0AF-FEABB0837AE7}.Ad-Hoc|x64.Build.0 = Debug|Any CPU
		{CCC4440E-49F7-4790-B0AF-FEABB0837AE7}.Ad-Hoc|x86.ActiveCfg = Release|Any CPU
		{CCC4440E-49F7-4790-B0AF-FEABB0837AE7}.Ad-Hoc|x86.Build.0 = Release|Any CPU
		{CCC4440E-49F7-4790-B0AF-FEABB0837AE7}.AppStore|Any CPU.ActiveCfg = ReleaseSigned|Any CPU
		{CCC4440E-49F7-4790-B0AF-FEABB0837AE7}.AppStore|Any CPU.Build.0 = ReleaseSigned|Any CPU
		{CCC4440E-49F7-4790-B0AF-FEABB0837AE7}.AppStore|ARM.ActiveCfg = Release|Any CPU
		{CCC4440E-49F7-4790-B0AF-FEABB0837AE7}.AppStore|ARM.Build.0 = Release|Any CPU
		{CCC4440E-49F7-4790-B0AF-FEABB0837AE7}.AppStore|ARM64.ActiveCfg = Debug|Any CPU
		{CCC4440E-49F7-4790-B0AF-FEABB0837AE7}.AppStore|ARM64.Build.0 = Debug|Any CPU
		{CCC4440E-49F7-4790-B0AF-FEABB0837AE7}.AppStore|iPhone.ActiveCfg = ReleaseSigned|Any CPU
		{CCC4440E-49F7-4790-B0AF-FEABB0837AE7}.AppStore|iPhone.Build.0 = ReleaseSigned|Any CPU
		{CCC4440E-49F7-4790-B0AF-FEABB0837AE7}.AppStore|iPhoneSimulator.ActiveCfg = ReleaseSigned|Any CPU
		{CCC4440E-49F7-4790-B0AF-FEABB0837AE7}.AppStore|iPhoneSimulator.Build.0 = ReleaseSigned|Any CPU
		{CCC4440E-49F7-4790-B0AF-FEABB0837AE7}.AppStore|x64.ActiveCfg = Debug|Any CPU
		{CCC4440E-49F7-4790-B0AF-FEABB0837AE7}.AppStore|x64.Build.0 = Debug|Any CPU
		{CCC4440E-49F7-4790-B0AF-FEABB0837AE7}.AppStore|x86.ActiveCfg = Release|Any CPU
		{CCC4440E-49F7-4790-B0AF-FEABB0837AE7}.AppStore|x86.Build.0 = Release|Any CPU
		{CCC4440E-49F7-4790-B0AF-FEABB0837AE7}.Debug|Any CPU.ActiveCfg = Debug|Any CPU
		{CCC4440E-49F7-4790-B0AF-FEABB0837AE7}.Debug|Any CPU.Build.0 = Debug|Any CPU
		{CCC4440E-49F7-4790-B0AF-FEABB0837AE7}.Debug|ARM.ActiveCfg = Debug|Any CPU
		{CCC4440E-49F7-4790-B0AF-FEABB0837AE7}.Debug|ARM.Build.0 = Debug|Any CPU
		{CCC4440E-49F7-4790-B0AF-FEABB0837AE7}.Debug|ARM64.ActiveCfg = Debug|Any CPU
		{CCC4440E-49F7-4790-B0AF-FEABB0837AE7}.Debug|ARM64.Build.0 = Debug|Any CPU
		{CCC4440E-49F7-4790-B0AF-FEABB0837AE7}.Debug|iPhone.ActiveCfg = Debug|Any CPU
		{CCC4440E-49F7-4790-B0AF-FEABB0837AE7}.Debug|iPhone.Build.0 = Debug|Any CPU
		{CCC4440E-49F7-4790-B0AF-FEABB0837AE7}.Debug|iPhoneSimulator.ActiveCfg = Debug|Any CPU
		{CCC4440E-49F7-4790-B0AF-FEABB0837AE7}.Debug|iPhoneSimulator.Build.0 = Debug|Any CPU
		{CCC4440E-49F7-4790-B0AF-FEABB0837AE7}.Debug|x64.ActiveCfg = Debug|Any CPU
		{CCC4440E-49F7-4790-B0AF-FEABB0837AE7}.Debug|x64.Build.0 = Debug|Any CPU
		{CCC4440E-49F7-4790-B0AF-FEABB0837AE7}.Debug|x86.ActiveCfg = Debug|Any CPU
		{CCC4440E-49F7-4790-B0AF-FEABB0837AE7}.Debug|x86.Build.0 = Debug|Any CPU
		{CCC4440E-49F7-4790-B0AF-FEABB0837AE7}.Release|Any CPU.ActiveCfg = Release|Any CPU
		{CCC4440E-49F7-4790-B0AF-FEABB0837AE7}.Release|Any CPU.Build.0 = Release|Any CPU
		{CCC4440E-49F7-4790-B0AF-FEABB0837AE7}.Release|ARM.ActiveCfg = Release|Any CPU
		{CCC4440E-49F7-4790-B0AF-FEABB0837AE7}.Release|ARM.Build.0 = Release|Any CPU
		{CCC4440E-49F7-4790-B0AF-FEABB0837AE7}.Release|ARM64.ActiveCfg = Release|Any CPU
		{CCC4440E-49F7-4790-B0AF-FEABB0837AE7}.Release|ARM64.Build.0 = Release|Any CPU
		{CCC4440E-49F7-4790-B0AF-FEABB0837AE7}.Release|iPhone.ActiveCfg = Release|Any CPU
		{CCC4440E-49F7-4790-B0AF-FEABB0837AE7}.Release|iPhone.Build.0 = Release|Any CPU
		{CCC4440E-49F7-4790-B0AF-FEABB0837AE7}.Release|iPhoneSimulator.ActiveCfg = Release|Any CPU
		{CCC4440E-49F7-4790-B0AF-FEABB0837AE7}.Release|iPhoneSimulator.Build.0 = Release|Any CPU
		{CCC4440E-49F7-4790-B0AF-FEABB0837AE7}.Release|x64.ActiveCfg = Release|Any CPU
		{CCC4440E-49F7-4790-B0AF-FEABB0837AE7}.Release|x64.Build.0 = Release|Any CPU
		{CCC4440E-49F7-4790-B0AF-FEABB0837AE7}.Release|x86.ActiveCfg = Release|Any CPU
		{CCC4440E-49F7-4790-B0AF-FEABB0837AE7}.Release|x86.Build.0 = Release|Any CPU
		{CCC4440E-49F7-4790-B0AF-FEABB0837AE7}.ReleaseSigned|Any CPU.ActiveCfg = ReleaseSigned|Any CPU
		{CCC4440E-49F7-4790-B0AF-FEABB0837AE7}.ReleaseSigned|Any CPU.Build.0 = ReleaseSigned|Any CPU
		{CCC4440E-49F7-4790-B0AF-FEABB0837AE7}.ReleaseSigned|ARM.ActiveCfg = ReleaseSigned|Any CPU
		{CCC4440E-49F7-4790-B0AF-FEABB0837AE7}.ReleaseSigned|ARM.Build.0 = ReleaseSigned|Any CPU
		{CCC4440E-49F7-4790-B0AF-FEABB0837AE7}.ReleaseSigned|ARM64.ActiveCfg = ReleaseSigned|Any CPU
		{CCC4440E-49F7-4790-B0AF-FEABB0837AE7}.ReleaseSigned|ARM64.Build.0 = ReleaseSigned|Any CPU
		{CCC4440E-49F7-4790-B0AF-FEABB0837AE7}.ReleaseSigned|iPhone.ActiveCfg = ReleaseSigned|Any CPU
		{CCC4440E-49F7-4790-B0AF-FEABB0837AE7}.ReleaseSigned|iPhone.Build.0 = ReleaseSigned|Any CPU
		{CCC4440E-49F7-4790-B0AF-FEABB0837AE7}.ReleaseSigned|iPhoneSimulator.ActiveCfg = ReleaseSigned|Any CPU
		{CCC4440E-49F7-4790-B0AF-FEABB0837AE7}.ReleaseSigned|iPhoneSimulator.Build.0 = ReleaseSigned|Any CPU
		{CCC4440E-49F7-4790-B0AF-FEABB0837AE7}.ReleaseSigned|x64.ActiveCfg = ReleaseSigned|Any CPU
		{CCC4440E-49F7-4790-B0AF-FEABB0837AE7}.ReleaseSigned|x64.Build.0 = ReleaseSigned|Any CPU
		{CCC4440E-49F7-4790-B0AF-FEABB0837AE7}.ReleaseSigned|x86.ActiveCfg = ReleaseSigned|Any CPU
		{CCC4440E-49F7-4790-B0AF-FEABB0837AE7}.ReleaseSigned|x86.Build.0 = ReleaseSigned|Any CPU
		{EAE239A7-4480-4BE1-9EA8-2BBC4C168B9A}.Ad-Hoc|Any CPU.ActiveCfg = Release|Any CPU
		{EAE239A7-4480-4BE1-9EA8-2BBC4C168B9A}.Ad-Hoc|Any CPU.Build.0 = Release|Any CPU
		{EAE239A7-4480-4BE1-9EA8-2BBC4C168B9A}.Ad-Hoc|Any CPU.Deploy.0 = Release|Any CPU
		{EAE239A7-4480-4BE1-9EA8-2BBC4C168B9A}.Ad-Hoc|ARM.ActiveCfg = Debug|Any CPU
		{EAE239A7-4480-4BE1-9EA8-2BBC4C168B9A}.Ad-Hoc|ARM.Build.0 = Debug|Any CPU
		{EAE239A7-4480-4BE1-9EA8-2BBC4C168B9A}.Ad-Hoc|ARM.Deploy.0 = Debug|Any CPU
		{EAE239A7-4480-4BE1-9EA8-2BBC4C168B9A}.Ad-Hoc|ARM64.ActiveCfg = Debug|Any CPU
		{EAE239A7-4480-4BE1-9EA8-2BBC4C168B9A}.Ad-Hoc|ARM64.Build.0 = Debug|Any CPU
		{EAE239A7-4480-4BE1-9EA8-2BBC4C168B9A}.Ad-Hoc|ARM64.Deploy.0 = Debug|Any CPU
		{EAE239A7-4480-4BE1-9EA8-2BBC4C168B9A}.Ad-Hoc|iPhone.ActiveCfg = Release|Any CPU
		{EAE239A7-4480-4BE1-9EA8-2BBC4C168B9A}.Ad-Hoc|iPhone.Build.0 = Release|Any CPU
		{EAE239A7-4480-4BE1-9EA8-2BBC4C168B9A}.Ad-Hoc|iPhone.Deploy.0 = Release|Any CPU
		{EAE239A7-4480-4BE1-9EA8-2BBC4C168B9A}.Ad-Hoc|iPhoneSimulator.ActiveCfg = Release|Any CPU
		{EAE239A7-4480-4BE1-9EA8-2BBC4C168B9A}.Ad-Hoc|iPhoneSimulator.Build.0 = Release|Any CPU
		{EAE239A7-4480-4BE1-9EA8-2BBC4C168B9A}.Ad-Hoc|iPhoneSimulator.Deploy.0 = Release|Any CPU
		{EAE239A7-4480-4BE1-9EA8-2BBC4C168B9A}.Ad-Hoc|x64.ActiveCfg = Debug|Any CPU
		{EAE239A7-4480-4BE1-9EA8-2BBC4C168B9A}.Ad-Hoc|x64.Build.0 = Debug|Any CPU
		{EAE239A7-4480-4BE1-9EA8-2BBC4C168B9A}.Ad-Hoc|x64.Deploy.0 = Debug|Any CPU
		{EAE239A7-4480-4BE1-9EA8-2BBC4C168B9A}.Ad-Hoc|x86.ActiveCfg = Debug|Any CPU
		{EAE239A7-4480-4BE1-9EA8-2BBC4C168B9A}.Ad-Hoc|x86.Build.0 = Debug|Any CPU
		{EAE239A7-4480-4BE1-9EA8-2BBC4C168B9A}.Ad-Hoc|x86.Deploy.0 = Debug|Any CPU
		{EAE239A7-4480-4BE1-9EA8-2BBC4C168B9A}.AppStore|Any CPU.ActiveCfg = Release|Any CPU
		{EAE239A7-4480-4BE1-9EA8-2BBC4C168B9A}.AppStore|Any CPU.Build.0 = Release|Any CPU
		{EAE239A7-4480-4BE1-9EA8-2BBC4C168B9A}.AppStore|Any CPU.Deploy.0 = Release|Any CPU
		{EAE239A7-4480-4BE1-9EA8-2BBC4C168B9A}.AppStore|ARM.ActiveCfg = Debug|Any CPU
		{EAE239A7-4480-4BE1-9EA8-2BBC4C168B9A}.AppStore|ARM.Build.0 = Debug|Any CPU
		{EAE239A7-4480-4BE1-9EA8-2BBC4C168B9A}.AppStore|ARM.Deploy.0 = Debug|Any CPU
		{EAE239A7-4480-4BE1-9EA8-2BBC4C168B9A}.AppStore|ARM64.ActiveCfg = Debug|Any CPU
		{EAE239A7-4480-4BE1-9EA8-2BBC4C168B9A}.AppStore|ARM64.Build.0 = Debug|Any CPU
		{EAE239A7-4480-4BE1-9EA8-2BBC4C168B9A}.AppStore|ARM64.Deploy.0 = Debug|Any CPU
		{EAE239A7-4480-4BE1-9EA8-2BBC4C168B9A}.AppStore|iPhone.ActiveCfg = Release|Any CPU
		{EAE239A7-4480-4BE1-9EA8-2BBC4C168B9A}.AppStore|iPhone.Build.0 = Release|Any CPU
		{EAE239A7-4480-4BE1-9EA8-2BBC4C168B9A}.AppStore|iPhone.Deploy.0 = Release|Any CPU
		{EAE239A7-4480-4BE1-9EA8-2BBC4C168B9A}.AppStore|iPhoneSimulator.ActiveCfg = Release|Any CPU
		{EAE239A7-4480-4BE1-9EA8-2BBC4C168B9A}.AppStore|iPhoneSimulator.Build.0 = Release|Any CPU
		{EAE239A7-4480-4BE1-9EA8-2BBC4C168B9A}.AppStore|iPhoneSimulator.Deploy.0 = Release|Any CPU
		{EAE239A7-4480-4BE1-9EA8-2BBC4C168B9A}.AppStore|x64.ActiveCfg = Debug|Any CPU
		{EAE239A7-4480-4BE1-9EA8-2BBC4C168B9A}.AppStore|x64.Build.0 = Debug|Any CPU
		{EAE239A7-4480-4BE1-9EA8-2BBC4C168B9A}.AppStore|x64.Deploy.0 = Debug|Any CPU
		{EAE239A7-4480-4BE1-9EA8-2BBC4C168B9A}.AppStore|x86.ActiveCfg = Debug|Any CPU
		{EAE239A7-4480-4BE1-9EA8-2BBC4C168B9A}.AppStore|x86.Build.0 = Debug|Any CPU
		{EAE239A7-4480-4BE1-9EA8-2BBC4C168B9A}.AppStore|x86.Deploy.0 = Debug|Any CPU
		{EAE239A7-4480-4BE1-9EA8-2BBC4C168B9A}.Debug|Any CPU.ActiveCfg = Debug|Any CPU
		{EAE239A7-4480-4BE1-9EA8-2BBC4C168B9A}.Debug|Any CPU.Build.0 = Debug|Any CPU
		{EAE239A7-4480-4BE1-9EA8-2BBC4C168B9A}.Debug|Any CPU.Deploy.0 = Debug|Any CPU
		{EAE239A7-4480-4BE1-9EA8-2BBC4C168B9A}.Debug|ARM.ActiveCfg = Debug|Any CPU
		{EAE239A7-4480-4BE1-9EA8-2BBC4C168B9A}.Debug|ARM.Build.0 = Debug|Any CPU
		{EAE239A7-4480-4BE1-9EA8-2BBC4C168B9A}.Debug|ARM.Deploy.0 = Debug|Any CPU
		{EAE239A7-4480-4BE1-9EA8-2BBC4C168B9A}.Debug|ARM64.ActiveCfg = Debug|Any CPU
		{EAE239A7-4480-4BE1-9EA8-2BBC4C168B9A}.Debug|ARM64.Build.0 = Debug|Any CPU
		{EAE239A7-4480-4BE1-9EA8-2BBC4C168B9A}.Debug|ARM64.Deploy.0 = Debug|Any CPU
		{EAE239A7-4480-4BE1-9EA8-2BBC4C168B9A}.Debug|iPhone.ActiveCfg = Debug|Any CPU
		{EAE239A7-4480-4BE1-9EA8-2BBC4C168B9A}.Debug|iPhone.Build.0 = Debug|Any CPU
		{EAE239A7-4480-4BE1-9EA8-2BBC4C168B9A}.Debug|iPhone.Deploy.0 = Debug|Any CPU
		{EAE239A7-4480-4BE1-9EA8-2BBC4C168B9A}.Debug|iPhoneSimulator.ActiveCfg = Debug|Any CPU
		{EAE239A7-4480-4BE1-9EA8-2BBC4C168B9A}.Debug|iPhoneSimulator.Build.0 = Debug|Any CPU
		{EAE239A7-4480-4BE1-9EA8-2BBC4C168B9A}.Debug|iPhoneSimulator.Deploy.0 = Debug|Any CPU
		{EAE239A7-4480-4BE1-9EA8-2BBC4C168B9A}.Debug|x64.ActiveCfg = Debug|Any CPU
		{EAE239A7-4480-4BE1-9EA8-2BBC4C168B9A}.Debug|x64.Build.0 = Debug|Any CPU
		{EAE239A7-4480-4BE1-9EA8-2BBC4C168B9A}.Debug|x64.Deploy.0 = Debug|Any CPU
		{EAE239A7-4480-4BE1-9EA8-2BBC4C168B9A}.Debug|x86.ActiveCfg = Debug|Any CPU
		{EAE239A7-4480-4BE1-9EA8-2BBC4C168B9A}.Debug|x86.Build.0 = Debug|Any CPU
		{EAE239A7-4480-4BE1-9EA8-2BBC4C168B9A}.Debug|x86.Deploy.0 = Debug|Any CPU
		{EAE239A7-4480-4BE1-9EA8-2BBC4C168B9A}.Release|Any CPU.ActiveCfg = Release|Any CPU
		{EAE239A7-4480-4BE1-9EA8-2BBC4C168B9A}.Release|Any CPU.Build.0 = Release|Any CPU
		{EAE239A7-4480-4BE1-9EA8-2BBC4C168B9A}.Release|Any CPU.Deploy.0 = Release|Any CPU
		{EAE239A7-4480-4BE1-9EA8-2BBC4C168B9A}.Release|ARM.ActiveCfg = Release|Any CPU
		{EAE239A7-4480-4BE1-9EA8-2BBC4C168B9A}.Release|ARM.Build.0 = Release|Any CPU
		{EAE239A7-4480-4BE1-9EA8-2BBC4C168B9A}.Release|ARM.Deploy.0 = Release|Any CPU
		{EAE239A7-4480-4BE1-9EA8-2BBC4C168B9A}.Release|ARM64.ActiveCfg = Release|Any CPU
		{EAE239A7-4480-4BE1-9EA8-2BBC4C168B9A}.Release|ARM64.Build.0 = Release|Any CPU
		{EAE239A7-4480-4BE1-9EA8-2BBC4C168B9A}.Release|ARM64.Deploy.0 = Release|Any CPU
		{EAE239A7-4480-4BE1-9EA8-2BBC4C168B9A}.Release|iPhone.ActiveCfg = Release|Any CPU
		{EAE239A7-4480-4BE1-9EA8-2BBC4C168B9A}.Release|iPhone.Build.0 = Release|Any CPU
		{EAE239A7-4480-4BE1-9EA8-2BBC4C168B9A}.Release|iPhone.Deploy.0 = Release|Any CPU
		{EAE239A7-4480-4BE1-9EA8-2BBC4C168B9A}.Release|iPhoneSimulator.ActiveCfg = Release|Any CPU
		{EAE239A7-4480-4BE1-9EA8-2BBC4C168B9A}.Release|iPhoneSimulator.Build.0 = Release|Any CPU
		{EAE239A7-4480-4BE1-9EA8-2BBC4C168B9A}.Release|iPhoneSimulator.Deploy.0 = Release|Any CPU
		{EAE239A7-4480-4BE1-9EA8-2BBC4C168B9A}.Release|x64.ActiveCfg = Release|Any CPU
		{EAE239A7-4480-4BE1-9EA8-2BBC4C168B9A}.Release|x64.Build.0 = Release|Any CPU
		{EAE239A7-4480-4BE1-9EA8-2BBC4C168B9A}.Release|x64.Deploy.0 = Release|Any CPU
		{EAE239A7-4480-4BE1-9EA8-2BBC4C168B9A}.Release|x86.ActiveCfg = Release|Any CPU
		{EAE239A7-4480-4BE1-9EA8-2BBC4C168B9A}.Release|x86.Build.0 = Release|Any CPU
		{EAE239A7-4480-4BE1-9EA8-2BBC4C168B9A}.Release|x86.Deploy.0 = Release|Any CPU
		{EAE239A7-4480-4BE1-9EA8-2BBC4C168B9A}.ReleaseSigned|Any CPU.ActiveCfg = Release|Any CPU
		{EAE239A7-4480-4BE1-9EA8-2BBC4C168B9A}.ReleaseSigned|Any CPU.Build.0 = Release|Any CPU
		{EAE239A7-4480-4BE1-9EA8-2BBC4C168B9A}.ReleaseSigned|Any CPU.Deploy.0 = Release|Any CPU
		{EAE239A7-4480-4BE1-9EA8-2BBC4C168B9A}.ReleaseSigned|ARM.ActiveCfg = Release|Any CPU
		{EAE239A7-4480-4BE1-9EA8-2BBC4C168B9A}.ReleaseSigned|ARM.Build.0 = Release|Any CPU
		{EAE239A7-4480-4BE1-9EA8-2BBC4C168B9A}.ReleaseSigned|ARM.Deploy.0 = Release|Any CPU
		{EAE239A7-4480-4BE1-9EA8-2BBC4C168B9A}.ReleaseSigned|ARM64.ActiveCfg = Release|Any CPU
		{EAE239A7-4480-4BE1-9EA8-2BBC4C168B9A}.ReleaseSigned|ARM64.Build.0 = Release|Any CPU
		{EAE239A7-4480-4BE1-9EA8-2BBC4C168B9A}.ReleaseSigned|ARM64.Deploy.0 = Release|Any CPU
		{EAE239A7-4480-4BE1-9EA8-2BBC4C168B9A}.ReleaseSigned|iPhone.ActiveCfg = Release|Any CPU
		{EAE239A7-4480-4BE1-9EA8-2BBC4C168B9A}.ReleaseSigned|iPhone.Build.0 = Release|Any CPU
		{EAE239A7-4480-4BE1-9EA8-2BBC4C168B9A}.ReleaseSigned|iPhone.Deploy.0 = Release|Any CPU
		{EAE239A7-4480-4BE1-9EA8-2BBC4C168B9A}.ReleaseSigned|iPhoneSimulator.ActiveCfg = Release|Any CPU
		{EAE239A7-4480-4BE1-9EA8-2BBC4C168B9A}.ReleaseSigned|iPhoneSimulator.Build.0 = Release|Any CPU
		{EAE239A7-4480-4BE1-9EA8-2BBC4C168B9A}.ReleaseSigned|iPhoneSimulator.Deploy.0 = Release|Any CPU
		{EAE239A7-4480-4BE1-9EA8-2BBC4C168B9A}.ReleaseSigned|x64.ActiveCfg = Release|Any CPU
		{EAE239A7-4480-4BE1-9EA8-2BBC4C168B9A}.ReleaseSigned|x64.Build.0 = Release|Any CPU
		{EAE239A7-4480-4BE1-9EA8-2BBC4C168B9A}.ReleaseSigned|x64.Deploy.0 = Release|Any CPU
		{EAE239A7-4480-4BE1-9EA8-2BBC4C168B9A}.ReleaseSigned|x86.ActiveCfg = Release|Any CPU
		{EAE239A7-4480-4BE1-9EA8-2BBC4C168B9A}.ReleaseSigned|x86.Build.0 = Release|Any CPU
		{EAE239A7-4480-4BE1-9EA8-2BBC4C168B9A}.ReleaseSigned|x86.Deploy.0 = Release|Any CPU
		{EDA76920-AB26-4330-9CBD-910E21E5F7C7}.Ad-Hoc|Any CPU.ActiveCfg = Release|Any CPU
		{EDA76920-AB26-4330-9CBD-910E21E5F7C7}.Ad-Hoc|Any CPU.Build.0 = Release|Any CPU
		{EDA76920-AB26-4330-9CBD-910E21E5F7C7}.Ad-Hoc|ARM.ActiveCfg = Debug|Any CPU
		{EDA76920-AB26-4330-9CBD-910E21E5F7C7}.Ad-Hoc|ARM.Build.0 = Debug|Any CPU
		{EDA76920-AB26-4330-9CBD-910E21E5F7C7}.Ad-Hoc|ARM64.ActiveCfg = Debug|Any CPU
		{EDA76920-AB26-4330-9CBD-910E21E5F7C7}.Ad-Hoc|ARM64.Build.0 = Debug|Any CPU
		{EDA76920-AB26-4330-9CBD-910E21E5F7C7}.Ad-Hoc|iPhone.ActiveCfg = Release|Any CPU
		{EDA76920-AB26-4330-9CBD-910E21E5F7C7}.Ad-Hoc|iPhone.Build.0 = Release|Any CPU
		{EDA76920-AB26-4330-9CBD-910E21E5F7C7}.Ad-Hoc|iPhoneSimulator.ActiveCfg = Release|Any CPU
		{EDA76920-AB26-4330-9CBD-910E21E5F7C7}.Ad-Hoc|iPhoneSimulator.Build.0 = Release|Any CPU
		{EDA76920-AB26-4330-9CBD-910E21E5F7C7}.Ad-Hoc|x64.ActiveCfg = Debug|Any CPU
		{EDA76920-AB26-4330-9CBD-910E21E5F7C7}.Ad-Hoc|x64.Build.0 = Debug|Any CPU
		{EDA76920-AB26-4330-9CBD-910E21E5F7C7}.Ad-Hoc|x86.ActiveCfg = Debug|Any CPU
		{EDA76920-AB26-4330-9CBD-910E21E5F7C7}.Ad-Hoc|x86.Build.0 = Debug|Any CPU
		{EDA76920-AB26-4330-9CBD-910E21E5F7C7}.AppStore|Any CPU.ActiveCfg = Release|Any CPU
		{EDA76920-AB26-4330-9CBD-910E21E5F7C7}.AppStore|Any CPU.Build.0 = Release|Any CPU
		{EDA76920-AB26-4330-9CBD-910E21E5F7C7}.AppStore|ARM.ActiveCfg = Debug|Any CPU
		{EDA76920-AB26-4330-9CBD-910E21E5F7C7}.AppStore|ARM.Build.0 = Debug|Any CPU
		{EDA76920-AB26-4330-9CBD-910E21E5F7C7}.AppStore|ARM64.ActiveCfg = Debug|Any CPU
		{EDA76920-AB26-4330-9CBD-910E21E5F7C7}.AppStore|ARM64.Build.0 = Debug|Any CPU
		{EDA76920-AB26-4330-9CBD-910E21E5F7C7}.AppStore|iPhone.ActiveCfg = Release|Any CPU
		{EDA76920-AB26-4330-9CBD-910E21E5F7C7}.AppStore|iPhone.Build.0 = Release|Any CPU
		{EDA76920-AB26-4330-9CBD-910E21E5F7C7}.AppStore|iPhoneSimulator.ActiveCfg = Release|Any CPU
		{EDA76920-AB26-4330-9CBD-910E21E5F7C7}.AppStore|iPhoneSimulator.Build.0 = Release|Any CPU
		{EDA76920-AB26-4330-9CBD-910E21E5F7C7}.AppStore|x64.ActiveCfg = Debug|Any CPU
		{EDA76920-AB26-4330-9CBD-910E21E5F7C7}.AppStore|x64.Build.0 = Debug|Any CPU
		{EDA76920-AB26-4330-9CBD-910E21E5F7C7}.AppStore|x86.ActiveCfg = Debug|Any CPU
		{EDA76920-AB26-4330-9CBD-910E21E5F7C7}.AppStore|x86.Build.0 = Debug|Any CPU
		{EDA76920-AB26-4330-9CBD-910E21E5F7C7}.Debug|Any CPU.ActiveCfg = Debug|Any CPU
		{EDA76920-AB26-4330-9CBD-910E21E5F7C7}.Debug|Any CPU.Build.0 = Debug|Any CPU
		{EDA76920-AB26-4330-9CBD-910E21E5F7C7}.Debug|ARM.ActiveCfg = Debug|Any CPU
		{EDA76920-AB26-4330-9CBD-910E21E5F7C7}.Debug|ARM.Build.0 = Debug|Any CPU
		{EDA76920-AB26-4330-9CBD-910E21E5F7C7}.Debug|ARM64.ActiveCfg = Debug|Any CPU
		{EDA76920-AB26-4330-9CBD-910E21E5F7C7}.Debug|ARM64.Build.0 = Debug|Any CPU
		{EDA76920-AB26-4330-9CBD-910E21E5F7C7}.Debug|iPhone.ActiveCfg = Debug|Any CPU
		{EDA76920-AB26-4330-9CBD-910E21E5F7C7}.Debug|iPhone.Build.0 = Debug|Any CPU
		{EDA76920-AB26-4330-9CBD-910E21E5F7C7}.Debug|iPhoneSimulator.ActiveCfg = Debug|Any CPU
		{EDA76920-AB26-4330-9CBD-910E21E5F7C7}.Debug|iPhoneSimulator.Build.0 = Debug|Any CPU
		{EDA76920-AB26-4330-9CBD-910E21E5F7C7}.Debug|x64.ActiveCfg = Debug|Any CPU
		{EDA76920-AB26-4330-9CBD-910E21E5F7C7}.Debug|x64.Build.0 = Debug|Any CPU
		{EDA76920-AB26-4330-9CBD-910E21E5F7C7}.Debug|x86.ActiveCfg = Debug|Any CPU
		{EDA76920-AB26-4330-9CBD-910E21E5F7C7}.Debug|x86.Build.0 = Debug|Any CPU
		{EDA76920-AB26-4330-9CBD-910E21E5F7C7}.Release|Any CPU.ActiveCfg = Release|Any CPU
		{EDA76920-AB26-4330-9CBD-910E21E5F7C7}.Release|Any CPU.Build.0 = Release|Any CPU
		{EDA76920-AB26-4330-9CBD-910E21E5F7C7}.Release|ARM.ActiveCfg = Release|Any CPU
		{EDA76920-AB26-4330-9CBD-910E21E5F7C7}.Release|ARM.Build.0 = Release|Any CPU
		{EDA76920-AB26-4330-9CBD-910E21E5F7C7}.Release|ARM64.ActiveCfg = Release|Any CPU
		{EDA76920-AB26-4330-9CBD-910E21E5F7C7}.Release|ARM64.Build.0 = Release|Any CPU
		{EDA76920-AB26-4330-9CBD-910E21E5F7C7}.Release|iPhone.ActiveCfg = Release|Any CPU
		{EDA76920-AB26-4330-9CBD-910E21E5F7C7}.Release|iPhone.Build.0 = Release|Any CPU
		{EDA76920-AB26-4330-9CBD-910E21E5F7C7}.Release|iPhoneSimulator.ActiveCfg = Release|Any CPU
		{EDA76920-AB26-4330-9CBD-910E21E5F7C7}.Release|iPhoneSimulator.Build.0 = Release|Any CPU
		{EDA76920-AB26-4330-9CBD-910E21E5F7C7}.Release|x64.ActiveCfg = Release|Any CPU
		{EDA76920-AB26-4330-9CBD-910E21E5F7C7}.Release|x64.Build.0 = Release|Any CPU
		{EDA76920-AB26-4330-9CBD-910E21E5F7C7}.Release|x86.ActiveCfg = Release|Any CPU
		{EDA76920-AB26-4330-9CBD-910E21E5F7C7}.Release|x86.Build.0 = Release|Any CPU
		{EDA76920-AB26-4330-9CBD-910E21E5F7C7}.ReleaseSigned|Any CPU.ActiveCfg = Release|Any CPU
		{EDA76920-AB26-4330-9CBD-910E21E5F7C7}.ReleaseSigned|Any CPU.Build.0 = Release|Any CPU
		{EDA76920-AB26-4330-9CBD-910E21E5F7C7}.ReleaseSigned|ARM.ActiveCfg = Release|Any CPU
		{EDA76920-AB26-4330-9CBD-910E21E5F7C7}.ReleaseSigned|ARM.Build.0 = Release|Any CPU
		{EDA76920-AB26-4330-9CBD-910E21E5F7C7}.ReleaseSigned|ARM64.ActiveCfg = Release|Any CPU
		{EDA76920-AB26-4330-9CBD-910E21E5F7C7}.ReleaseSigned|ARM64.Build.0 = Release|Any CPU
		{EDA76920-AB26-4330-9CBD-910E21E5F7C7}.ReleaseSigned|iPhone.ActiveCfg = Release|Any CPU
		{EDA76920-AB26-4330-9CBD-910E21E5F7C7}.ReleaseSigned|iPhone.Build.0 = Release|Any CPU
		{EDA76920-AB26-4330-9CBD-910E21E5F7C7}.ReleaseSigned|iPhoneSimulator.ActiveCfg = Release|Any CPU
		{EDA76920-AB26-4330-9CBD-910E21E5F7C7}.ReleaseSigned|iPhoneSimulator.Build.0 = Release|Any CPU
		{EDA76920-AB26-4330-9CBD-910E21E5F7C7}.ReleaseSigned|x64.ActiveCfg = Release|Any CPU
		{EDA76920-AB26-4330-9CBD-910E21E5F7C7}.ReleaseSigned|x64.Build.0 = Release|Any CPU
		{EDA76920-AB26-4330-9CBD-910E21E5F7C7}.ReleaseSigned|x86.ActiveCfg = Release|Any CPU
		{EDA76920-AB26-4330-9CBD-910E21E5F7C7}.ReleaseSigned|x86.Build.0 = Release|Any CPU
	EndGlobalSection
	GlobalSection(SolutionProperties) = preSolution
		HideSolutionNode = FALSE
	EndGlobalSection
EndGlobal
